
Microsoft Visual Studio Solution File, Format Version 12.00
# Visual Studio Version 16
VisualStudioVersion = 16.0.32126.315
MinimumVisualStudioVersion = 10.0.40219.1
Project("{FAE04EC0-301F-11D3-BF4B-00C04F79EFBC}") = "Web_Lab5", "Web_Lab5\Web_Lab5.csproj", "{522BAFD3-E0A3-40BC-9A1B-1F4A84DEFCDB}"
EndProject
Global
	GlobalSection(SolutionConfigurationPlatforms) = preSolution
		Debug|Any CPU = Debug|Any CPU
		Release|Any CPU = Release|Any CPU
	EndGlobalSection
	GlobalSection(ProjectConfigurationPlatforms) = postSolution
		{522BAFD3-E0A3-40BC-9A1B-1F4A84DEFCDB}.Debug|Any CPU.ActiveCfg = Debug|Any CPU
		{522BAFD3-E0A3-40BC-9A1B-1F4A84DEFCDB}.Debug|Any CPU.Build.0 = Debug|Any CPU
		{522BAFD3-E0A3-40BC-9A1B-1F4A84DEFCDB}.Release|Any CPU.ActiveCfg = Release|Any CPU
		{522BAFD3-E0A3-40BC-9A1B-1F4A84DEFCDB}.Release|Any CPU.Build.0 = Release|Any CPU
	EndGlobalSection
	GlobalSection(SolutionProperties) = preSolution
		HideSolutionNode = FALSE
	EndGlobalSection
	GlobalSection(ExtensibilityGlobals) = postSolution
		SolutionGuid = {0CBC8A1E-15A9-4354-8CE4-EF0D4E995731}
	EndGlobalSection
EndGlobal
